// !$*UTF8*$!
{
	archiveVersion = 1;
	classes = {
	};
	objectVersion = 46;
	objects = {

/* Begin PBXBuildFile section */
		D4EEA1431C0C923C0010775B /* AppDelegate.swift in Sources */ = {isa = PBXBuildFile; fileRef = D4EEA1421C0C923C0010775B /* AppDelegate.swift */; };
		D4EEA1451C0C923C0010775B /* ViewController.swift in Sources */ = {isa = PBXBuildFile; fileRef = D4EEA1441C0C923C0010775B /* ViewController.swift */; };
		D4EEA1481C0C923C0010775B /* Main.storyboard in Resources */ = {isa = PBXBuildFile; fileRef = D4EEA1461C0C923C0010775B /* Main.storyboard */; };
		D4EEA14A1C0C923C0010775B /* Assets.xcassets in Resources */ = {isa = PBXBuildFile; fileRef = D4EEA1491C0C923C0010775B /* Assets.xcassets */; };
		D4EEA14D1C0C923C0010775B /* LaunchScreen.storyboard in Resources */ = {isa = PBXBuildFile; fileRef = D4EEA14B1C0C923C0010775B /* LaunchScreen.storyboard */; };
		D4EEA1551C0C93F40010775B /* CoffeesViewController.swift in Sources */ = {isa = PBXBuildFile; fileRef = D4EEA1541C0C93F40010775B /* CoffeesViewController.swift */; settings = {ASSET_TAGS = (); }; };
		D4EEA1571C0C95930010775B /* Coffee.swift in Sources */ = {isa = PBXBuildFile; fileRef = D4EEA1561C0C95930010775B /* Coffee.swift */; settings = {ASSET_TAGS = (); }; };
		D4EEA1591C0C976A0010775B /* SampleData.swift in Sources */ = {isa = PBXBuildFile; fileRef = D4EEA1581C0C976A0010775B /* SampleData.swift */; settings = {ASSET_TAGS = (); }; };
/* End PBXBuildFile section */

/* Begin PBXFileReference section */
		D4EEA13F1C0C923C0010775B /* AppMacProject.app */ = {isa = PBXFileReference; explicitFileType = wrapper.application; includeInIndex = 0; path = AppMacProject.app; sourceTree = BUILT_PRODUCTS_DIR; };
		D4EEA1421C0C923C0010775B /* AppDelegate.swift */ = {isa = PBXFileReference; lastKnownFileType = sourcecode.swift; path = AppDelegate.swift; sourceTree = "<group>"; };
		D4EEA1441C0C923C0010775B /* ViewController.swift */ = {isa = PBXFileReference; lastKnownFileType = sourcecode.swift; path = ViewController.swift; sourceTree = "<group>"; };
		D4EEA1471C0C923C0010775B /* Base */ = {isa = PBXFileReference; lastKnownFileType = file.storyboard; name = Base; path = Base.lproj/Main.storyboard; sourceTree = "<group>"; };
		D4EEA1491C0C923C0010775B /* Assets.xcassets */ = {isa = PBXFileReference; lastKnownFileType = folder.assetcatalog; path = Assets.xcassets; sourceTree = "<group>"; };
		D4EEA14C1C0C923C0010775B /* Base */ = {isa = PBXFileReference; lastKnownFileType = file.storyboard; name = Base; path = Base.lproj/LaunchScreen.storyboard; sourceTree = "<group>"; };
		D4EEA14E1C0C923C0010775B /* Info.plist */ = {isa = PBXFileReference; lastKnownFileType = text.plist.xml; path = Info.plist; sourceTree = "<group>"; };
		D4EEA1541C0C93F40010775B /* CoffeesViewController.swift */ = {isa = PBXFileReference; fileEncoding = 4; lastKnownFileType = sourcecode.swift; path = CoffeesViewController.swift; sourceTree = "<group>"; };
		D4EEA1561C0C95930010775B /* Coffee.swift */ = {isa = PBXFileReference; fileEncoding = 4; lastKnownFileType = sourcecode.swift; path = Coffee.swift; sourceTree = "<group>"; };
		D4EEA1581C0C976A0010775B /* SampleData.swift */ = {isa = PBXFileReference; fileEncoding = 4; lastKnownFileType = sourcecode.swift; path = SampleData.swift; sourceTree = "<group>"; };
/* End PBXFileReference section */

/* Begin PBXFrameworksBuildPhase section */
		D4EEA13C1C0C923C0010775B /* Frameworks */ = {
			isa = PBXFrameworksBuildPhase;
			buildActionMask = 2147483647;
			files = (
			);
			runOnlyForDeploymentPostprocessing = 0;
		};
/* End PBXFrameworksBuildPhase section */

/* Begin PBXGroup section */
		D4EEA1361C0C923C0010775B = {
			isa = PBXGroup;
			children = (
				D4EEA1411C0C923C0010775B /* AppMacProject */,
				D4EEA1401C0C923C0010775B /* Products */,
			);
			sourceTree = "<group>";
		};
		D4EEA1401C0C923C0010775B /* Products */ = {
			isa = PBXGroup;
			children = (
				D4EEA13F1C0C923C0010775B /* AppMacProject.app */,
			);
			name = Products;
			sourceTree = "<group>";
		};
		D4EEA1411C0C923C0010775B /* AppMacProject */ = {
			isa = PBXGroup;
			children = (
				D4EEA1421C0C923C0010775B /* AppDelegate.swift */,
				D4EEA1441C0C923C0010775B /* ViewController.swift */,
				D4EEA1461C0C923C0010775B /* Main.storyboard */,
				D4EEA1561C0C95930010775B /* Coffee.swift */,
				D4EEA1541C0C93F40010775B /* CoffeesViewController.swift */,
				D4EEA1581C0C976A0010775B /* SampleData.swift */,
				D4EEA1491C0C923C0010775B /* Assets.xcassets */,
				D4EEA14B1C0C923C0010775B /* LaunchScreen.storyboard */,
				D4EEA14E1C0C923C0010775B /* Info.plist */,
			);
			path = AppMacProject;
			sourceTree = "<group>";
		};
/* End PBXGroup section */

/* Begin PBXNativeTarget section */
		D4EEA13E1C0C923C0010775B /* AppMacProject */ = {
			isa = PBXNativeTarget;
			buildConfigurationList = D4EEA1511C0C923C0010775B /* Build configuration list for PBXNativeTarget "AppMacProject" */;
			buildPhases = (
				D4EEA13B1C0C923C0010775B /* Sources */,
				D4EEA13C1C0C923C0010775B /* Frameworks */,
				D4EEA13D1C0C923C0010775B /* Resources */,
			);
			buildRules = (
			);
			dependencies = (
			);
			name = AppMacProject;
			productName = AppMacProject;
			productReference = D4EEA13F1C0C923C0010775B /* AppMacProject.app */;
			productType = "com.apple.product-type.application";
		};
/* End PBXNativeTarget section */

/* Begin PBXProject section */
		D4EEA1371C0C923C0010775B /* Project object */ = {
			isa = PBXProject;
			attributes = {
				LastUpgradeCheck = 0700;
				ORGANIZATIONNAME = WIT;
				TargetAttributes = {
					D4EEA13E1C0C923C0010775B = {
						CreatedOnToolsVersion = 7.0;
					};
				};
			};
			buildConfigurationList = D4EEA13A1C0C923C0010775B /* Build configuration list for PBXProject "AppMacProject" */;
			compatibilityVersion = "Xcode 3.2";
			developmentRegion = English;
			hasScannedForEncodings = 0;
			knownRegions = (
				en,
				Base,
			);
			mainGroup = D4EEA1361C0C923C0010775B;
			productRefGroup = D4EEA1401C0C923C0010775B /* Products */;
			projectDirPath = "";
			projectRoot = "";
			targets = (
				D4EEA13E1C0C923C0010775B /* AppMacProject */,
			);
		};
/* End PBXProject section */

/* Begin PBXResourcesBuildPhase section */
		D4EEA13D1C0C923C0010775B /* Resources */ = {
			isa = PBXResourcesBuildPhase;
			buildActionMask = 2147483647;
			files = (
				D4EEA14D1C0C923C0010775B /* LaunchScreen.storyboard in Resources */,
				D4EEA14A1C0C923C0010775B /* Assets.xcassets in Resources */,
				D4EEA1481C0C923C0010775B /* Main.storyboard in Resources */,
			);
			runOnlyForDeploymentPostprocessing = 0;
		};
/* End PBXResourcesBuildPhase section */

/* Begin PBXSourcesBuildPhase section */
		D4EEA13B1C0C923C0010775B /* Sources */ = {
			isa = PBXSourcesBuildPhase;
			buildActionMask = 2147483647;
			files = (
				D4EEA1451C0C923C0010775B /* ViewController.swift in Sources */,
				D4EEA1551C0C93F40010775B /* CoffeesViewController.swift in Sources */,
				D4EEA1431C0C923C0010775B /* AppDelegate.swift in Sources */,
				D4EEA1591C0C976A0010775B /* SampleData.swift in Sources */,
				D4EEA1571C0C95930010775B /* Coffee.swift in Sources */,
			);
			runOnlyForDeploymentPostprocessing = 0;
		};
/* End PBXSourcesBuildPhase section */

/* Begin PBXVariantGroup section */
		D4EEA1461C0C923C0010775B /* Main.storyboard */ = {
			isa = PBXVariantGroup;
			children = (
				D4EEA1471C0C923C0010775B /* Base */,
			);
			name = Main.storyboard;
			sourceTree = "<group>";
		};
		D4EEA14B1C0C923C0010775B /* LaunchScreen.storyboard */ = {
			isa = PBXVariantGroup;
			children = (
				D4EEA14C1C0C923C0010775B /* Base */,
			);
			name = LaunchScreen.storyboard;
			sourceTree = "<group>";
		};
/* End PBXVariantGroup section */

/* Begin XCBuildConfiguration section */
		D4EEA14F1C0C923C0010775B /* Debug */ = {
			isa = XCBuildConfiguration;
			buildSettings = {
				ALWAYS_SEARCH_USER_PATHS = NO;
				CLANG_CXX_LANGUAGE_STANDARD = "gnu++0x";
				CLANG_CXX_LIBRARY = "libc++";
				CLANG_ENABLE_MODULES = YES;
				CLANG_ENABLE_OBJC_ARC = YES;
				CLANG_WARN_BOOL_CONVERSION = YES;
				CLANG_WARN_CONSTANT_CONVERSION = YES;
				CLANG_WARN_DIRECT_OBJC_ISA_USAGE = YES_ERROR;
				CLANG_WARN_EMPTY_BODY = YES;
				CLANG_WARN_ENUM_CONVERSION = YES;
				CLANG_WARN_INT_CONVERSION = YES;
				CLANG_WARN_OBJC_ROOT_CLASS = YES_ERROR;
				CLANG_WARN_UNREACHABLE_CODE = YES;
				CLANG_WARN__DUPLICATE_METHOD_MATCH = YES;
				"CODE_SIGN_IDENTITY[sdk=iphoneos*]" = "iPhone Developer";
				COPY_PHASE_STRIP = NO;
				DEBUG_INFORMATION_FORMAT = dwarf;
				ENABLE_STRICT_OBJC_MSGSEND = YES;
				ENABLE_TESTABILITY = YES;
				GCC_C_LANGUAGE_STANDARD = gnu99;
				GCC_DYNAMIC_NO_PIC = NO;
				GCC_NO_COMMON_BLOCKS = YES;
				GCC_OPTIMIZATION_LEVEL = 0;
				GCC_PREPROCESSOR_DEFINITIONS = (
					"DEBUG=1",
					"$(inherited)",
				);
				GCC_WARN_64_TO_32_BIT_CONVERSION = YES;
				GCC_WARN_ABOUT_RETURN_TYPE = YES_ERROR;
				GCC_WARN_UNDECLARED_SELECTOR = YES;
				GCC_WARN_UNINITIALIZED_AUTOS = YES_AGGRESSIVE;
				GCC_WARN_UNUSED_FUNCTION = YES;
				GCC_WARN_UNUSED_VARIABLE = YES;
				IPHONEOS_DEPLOYMENT_TARGET = 9.0;
				MTL_ENABLE_DEBUG_INFO = YES;
				ONLY_ACTIVE_ARCH = YES;
				SDKROOT = iphoneos;
				SWIFT_OPTIMIZATION_LEVEL = "-Onone";
			};
			name = Debug;
		};
		D4EEA1501C0C923C0010775B /* Release */ = {
			isa = XCBuildConfiguration;
			buildSettings = {
				ALWAYS_SEARCH_USER_PATHS = NO;
				CLANG_CXX_LANGUAGE_STANDARD = "gnu++0x";
				CLANG_CXX_LIBRARY = "libc++";
				CLANG_ENABLE_MODULES = YES;
				CLANG_ENABLE_OBJC_ARC = YES;
				CLANG_WARN_BOOL_CONVERSION = YES;
				CLANG_WARN_CONSTANT_CONVERSION = YES;
				CLANG_WARN_DIRECT_OBJC_ISA_USAGE = YES_ERROR;
				CLANG_WARN_EMPTY_BODY = YES;
				CLANG_WARN_ENUM_CONVERSION = YES;
				CLANG_WARN_INT_CONVERSION = YES;
				CLANG_WARN_OBJC_ROOT_CLASS = YES_ERROR;
				CLANG_WARN_UNREACHABLE_CODE = YES;
				CLANG_WARN__DUPLICATE_METHOD_MATCH = YES;
				"CODE_SIGN_IDENTITY[sdk=iphoneos*]" = "iPhone Developer";
				COPY_PHASE_STRIP = NO;
				DEBUG_INFORMATION_FORMAT = "dwarf-with-dsym";
				ENABLE_NS_ASSERTIONS = NO;
				ENABLE_STRICT_OBJC_MSGSEND = YES;
				GCC_C_LANGUAGE_STANDARD = gnu99;
				GCC_NO_COMMON_BLOCKS = YES;
				GCC_WARN_64_TO_32_BIT_CONVERSION = YES;
				GCC_WARN_ABOUT_RETURN_TYPE = YES_ERROR;
				GCC_WARN_UNDECLARED_SELECTOR = YES;
				GCC_WARN_UNINITIALIZED_AUTOS = YES_AGGRESSIVE;
				GCC_WARN_UNUSED_FUNCTION = YES;
				GCC_WARN_UNUSED_VARIABLE = YES;
				IPHONEOS_DEPLOYMENT_TARGET = 9.0;
				MTL_ENABLE_DEBUG_INFO = NO;
				SDKROOT = iphoneos;
				VALIDATE_PRODUCT = YES;
			};
			name = Release;
		};
		D4EEA1521C0C923C0010775B /* Debug */ = {
			isa = XCBuildConfiguration;
			buildSettings = {
				ASSETCATALOG_COMPILER_APPICON_NAME = AppIcon;
				INFOPLIST_FILE = AppMacProject/Info.plist;
				LD_RUNPATH_SEARCH_PATHS = "$(inherited) @executable_path/Frameworks";
				PRODUCT_BUNDLE_IDENTIFIER = ie.wit.AppMacProject;
				PRODUCT_NAME = "$(TARGET_NAME)";
			};
			name = Debug;
		};
		D4EEA1531C0C923C0010775B /* Release */ = {
			isa = XCBuildConfiguration;
			buildSettings = {
				ASSETCATALOG_COMPILER_APPICON_NAME = AppIcon;
				INFOPLIST_FILE = AppMacProject/Info.plist;
				LD_RUNPATH_SEARCH_PATHS = "$(inherited) @executable_path/Frameworks";
				PRODUCT_BUNDLE_IDENTIFIER = ie.wit.AppMacProject;
				PRODUCT_NAME = "$(TARGET_NAME)";
			};
			name = Release;
		};
/* End XCBuildConfiguration section */

/* Begin XCConfigurationList section */
		D4EEA13A1C0C923C0010775B /* Build configuration list for PBXProject "AppMacProject" */ = {
			isa = XCConfigurationList;
			buildConfigurations = (
				D4EEA14F1C0C923C0010775B /* Debug */,
				D4EEA1501C0C923C0010775B /* Release */,
			);
			defaultConfigurationIsVisible = 0;
			defaultConfigurationName = Release;
		};
		D4EEA1511C0C923C0010775B /* Build configuration list for PBXNativeTarget "AppMacProject" */ = {
			isa = XCConfigurationList;
			buildConfigurations = (
				D4EEA1521C0C923C0010775B /* Debug */,
				D4EEA1531C0C923C0010775B /* Release */,
			);
			defaultConfigurationIsVisible = 0;
		};
/* End XCConfigurationList section */
	};
	rootObject = D4EEA1371C0C923C0010775B /* Project object */;
}
